# This file is generated by running "yarn install" inside your project.
# Manual changes might be lost - proceed with caution!

__metadata:
  version: 5

"SVG Path to PIXI@workspace:.":
  version: 0.0.0-use.local
  resolution: "SVG Path to PIXI@workspace:."
  languageName: unknown
  linkType: soft
